hash: 89d3b4f9bf15499463262e7413ce7d1d6ab6cd7f345ae591ddaa88ab4768e7dd
updated: 2016-10-08T10:39:01.177516261-03:00
imports:
- name: github.com/gorilla/handlers
  version: ee54c7b44cab12289237fb8631314790076e728b
- name: github.com/julienschmidt/httprouter
  version: d8ff598a019f2c7bad0980917a588193cf26666e
testImports: []
